
Microsoft Visual Studio Solution File, Format Version 12.00
# Visual Studio Version 17
VisualStudioVersion = 17.14.36310.24 d17.14
MinimumVisualStudioVersion = 10.0.40219.1
Project("{888888A0-9F3D-457C-B088-3A5042F75D52}") = "ejer2_for", "ejer1_for\ejer2_for.pyproj", "{8387F0E0-FD24-40FB-88EF-C970DE14D90D}"
EndProject
Global
	GlobalSection(SolutionConfigurationPlatforms) = preSolution
		Debug|Any CPU = Debug|Any CPU
		Release|Any CPU = Release|Any CPU
	EndGlobalSection
	GlobalSection(ProjectConfigurationPlatforms) = postSolution
		{8387F0E0-FD24-40FB-88EF-C970DE14D90D}.Debug|Any CPU.ActiveCfg = Debug|Any CPU
		{8387F0E0-FD24-40FB-88EF-C970DE14D90D}.Release|Any CPU.ActiveCfg = Release|Any CPU
	EndGlobalSection
	GlobalSection(SolutionProperties) = preSolution
		HideSolutionNode = FALSE
	EndGlobalSection
	GlobalSection(ExtensibilityGlobals) = postSolution
		SolutionGuid = {C60989C1-F936-4F4D-AEE7-550E57D5520A}
	EndGlobalSection
EndGlobal
